
Microsoft Visual Studio Solution File, Format Version 12.00
# Visual Studio 15
VisualStudioVersion = 15.0.27130.2003
MinimumVisualStudioVersion = 10.0.40219.1
Project("{FAE04EC0-301F-11D3-BF4B-00C04F79EFBC}") = "Crud.Web", "Crud.Web\Crud.Web.csproj", "{93B3C778-6E64-49B3-8792-8B25CA6CCC6C}"
EndProject
Project("{FAE04EC0-301F-11D3-BF4B-00C04F79EFBC}") = "Crud.Domain", "Crud.Domain\Crud.Domain.csproj", "{F66F8D7E-2DD4-4385-B09F-9279B65D6445}"
EndProject
Project("{FAE04EC0-301F-11D3-BF4B-00C04F79EFBC}") = "Crud.Data", "Crud.Data\Crud.Data.csproj", "{31023AEF-0E54-477F-B647-57611DCE57B3}"
EndProject
Global
	GlobalSection(SolutionConfigurationPlatforms) = preSolution
		Debug|Any CPU = Debug|Any CPU
		Release|Any CPU = Release|Any CPU
	EndGlobalSection
	GlobalSection(ProjectConfigurationPlatforms) = postSolution
		{93B3C778-6E64-49B3-8792-8B25CA6CCC6C}.Debug|Any CPU.ActiveCfg = Debug|Any CPU
		{93B3C778-6E64-49B3-8792-8B25CA6CCC6C}.Debug|Any CPU.Build.0 = Debug|Any CPU
		{93B3C778-6E64-49B3-8792-8B25CA6CCC6C}.Release|Any CPU.ActiveCfg = Release|Any CPU
		{93B3C778-6E64-49B3-8792-8B25CA6CCC6C}.Release|Any CPU.Build.0 = Release|Any CPU
		{F66F8D7E-2DD4-4385-B09F-9279B65D6445}.Debug|Any CPU.ActiveCfg = Debug|Any CPU
		{F66F8D7E-2DD4-4385-B09F-9279B65D6445}.Debug|Any CPU.Build.0 = Debug|Any CPU
		{F66F8D7E-2DD4-4385-B09F-9279B65D6445}.Release|Any CPU.ActiveCfg = Release|Any CPU
		{F66F8D7E-2DD4-4385-B09F-9279B65D6445}.Release|Any CPU.Build.0 = Release|Any CPU
		{31023AEF-0E54-477F-B647-57611DCE57B3}.Debug|Any CPU.ActiveCfg = Debug|Any CPU
		{31023AEF-0E54-477F-B647-57611DCE57B3}.Debug|Any CPU.Build.0 = Debug|Any CPU
		{31023AEF-0E54-477F-B647-57611DCE57B3}.Release|Any CPU.ActiveCfg = Release|Any CPU
		{31023AEF-0E54-477F-B647-57611DCE57B3}.Release|Any CPU.Build.0 = Release|Any CPU
	EndGlobalSection
	GlobalSection(SolutionProperties) = preSolution
		HideSolutionNode = FALSE
	EndGlobalSection
	GlobalSection(ExtensibilityGlobals) = postSolution
		SolutionGuid = {A2BB7800-E3BE-4500-B582-68C6E6FFDD54}
	EndGlobalSection
EndGlobal
